
Microsoft Visual Studio Solution File, Format Version 12.00
# Visual Studio Version 17
VisualStudioVersion = 17.5.33516.290
MinimumVisualStudioVersion = 10.0.40219.1
Project("{FAE04EC0-301F-11D3-BF4B-00C04F79EFBC}") = "Clinic_Management_System", "Clinic_Management_System.csproj", "{20C00F2F-7B56-4127-A126-6B5DCC769D41}"
EndProject
Global
	GlobalSection(SolutionConfigurationPlatforms) = preSolution
		Debug|Any CPU = Debug|Any CPU
		Release|Any CPU = Release|Any CPU
	EndGlobalSection
	GlobalSection(ProjectConfigurationPlatforms) = postSolution
		{20C00F2F-7B56-4127-A126-6B5DCC769D41}.Debug|Any CPU.ActiveCfg = Debug|Any CPU
		{20C00F2F-7B56-4127-A126-6B5DCC769D41}.Debug|Any CPU.Build.0 = Debug|Any CPU
		{20C00F2F-7B56-4127-A126-6B5DCC769D41}.Release|Any CPU.ActiveCfg = Release|Any CPU
		{20C00F2F-7B56-4127-A126-6B5DCC769D41}.Release|Any CPU.Build.0 = Release|Any CPU
	EndGlobalSection
	GlobalSection(SolutionProperties) = preSolution
		HideSolutionNode = FALSE
	EndGlobalSection
	GlobalSection(ExtensibilityGlobals) = postSolution
		SolutionGuid = {BB2E7058-9DE2-4C64-B046-46A0667A4ED9}
	EndGlobalSection
EndGlobal
